
Microsoft Visual Studio Solution File, Format Version 12.00
# Visual Studio 15
Project("{FAE04EC0-301F-11D3-BF4B-00C04F79EFBC}") = "PipelineApp.Android", "PipelineApp.Android\PipelineApp.Android.csproj", "{BB6D77D0-7352-42F6-B968-B0829CE7DE14}"
EndProject
Project("{FAE04EC0-301F-11D3-BF4B-00C04F79EFBC}") = "PipelineApp.iOS", "PipelineApp.iOS\PipelineApp.iOS.csproj", "{7A276923-877A-4C6C-A3B9-4D99C3A5F487}"
EndProject
Project("{FAE04EC0-301F-11D3-BF4B-00C04F79EFBC}") = "PipelineApp", "PipelineApp\PipelineApp.csproj", "{97BC3BC6-3C2A-41D3-BA71-05238BB2D07E}"
EndProject
Project("{FAE04EC0-301F-11D3-BF4B-00C04F79EFBC}") = "PipelinesApp.UnitTests", "PipelinesApp.UnitTests\PipelinesApp.UnitTests.csproj", "{E588F05B-AF51-487F-B7FF-87286B82E2AF}"
EndProject
Global
	GlobalSection(SolutionConfigurationPlatforms) = preSolution
		Debug|Any CPU = Debug|Any CPU
		Release|Any CPU = Release|Any CPU
		Debug|iPhoneSimulator = Debug|iPhoneSimulator
		Release|iPhoneSimulator = Release|iPhoneSimulator
		Debug|iPhone = Debug|iPhone
		Release|iPhone = Release|iPhone
	EndGlobalSection
	GlobalSection(ProjectConfigurationPlatforms) = postSolution
		{BB6D77D0-7352-42F6-B968-B0829CE7DE14}.Debug|Any CPU.ActiveCfg = Debug|Any CPU
		{BB6D77D0-7352-42F6-B968-B0829CE7DE14}.Debug|Any CPU.Build.0 = Debug|Any CPU
		{BB6D77D0-7352-42F6-B968-B0829CE7DE14}.Release|Any CPU.ActiveCfg = Release|Any CPU
		{BB6D77D0-7352-42F6-B968-B0829CE7DE14}.Release|Any CPU.Build.0 = Release|Any CPU
		{BB6D77D0-7352-42F6-B968-B0829CE7DE14}.Debug|iPhoneSimulator.ActiveCfg = Debug|Any CPU
		{BB6D77D0-7352-42F6-B968-B0829CE7DE14}.Debug|iPhoneSimulator.Build.0 = Debug|Any CPU
		{BB6D77D0-7352-42F6-B968-B0829CE7DE14}.Release|iPhoneSimulator.ActiveCfg = Release|Any CPU
		{BB6D77D0-7352-42F6-B968-B0829CE7DE14}.Release|iPhoneSimulator.Build.0 = Release|Any CPU
		{BB6D77D0-7352-42F6-B968-B0829CE7DE14}.Debug|iPhone.ActiveCfg = Debug|Any CPU
		{BB6D77D0-7352-42F6-B968-B0829CE7DE14}.Debug|iPhone.Build.0 = Debug|Any CPU
		{BB6D77D0-7352-42F6-B968-B0829CE7DE14}.Release|iPhone.ActiveCfg = Release|Any CPU
		{BB6D77D0-7352-42F6-B968-B0829CE7DE14}.Release|iPhone.Build.0 = Release|Any CPU
		{7A276923-877A-4C6C-A3B9-4D99C3A5F487}.Debug|Any CPU.ActiveCfg = Debug|iPhoneSimulator
		{7A276923-877A-4C6C-A3B9-4D99C3A5F487}.Debug|Any CPU.Build.0 = Debug|iPhoneSimulator
		{7A276923-877A-4C6C-A3B9-4D99C3A5F487}.Release|Any CPU.ActiveCfg = Release|iPhoneSimulator
		{7A276923-877A-4C6C-A3B9-4D99C3A5F487}.Release|Any CPU.Build.0 = Release|iPhoneSimulator
		{7A276923-877A-4C6C-A3B9-4D99C3A5F487}.Debug|iPhoneSimulator.ActiveCfg = Debug|iPhoneSimulator
		{7A276923-877A-4C6C-A3B9-4D99C3A5F487}.Debug|iPhoneSimulator.Build.0 = Debug|iPhoneSimulator
		{7A276923-877A-4C6C-A3B9-4D99C3A5F487}.Release|iPhoneSimulator.ActiveCfg = Release|iPhoneSimulator
		{7A276923-877A-4C6C-A3B9-4D99C3A5F487}.Release|iPhoneSimulator.Build.0 = Release|iPhoneSimulator
		{7A276923-877A-4C6C-A3B9-4D99C3A5F487}.Debug|iPhone.ActiveCfg = Debug|iPhone
		{7A276923-877A-4C6C-A3B9-4D99C3A5F487}.Debug|iPhone.Build.0 = Debug|iPhone
		{7A276923-877A-4C6C-A3B9-4D99C3A5F487}.Release|iPhone.ActiveCfg = Release|iPhone
		{7A276923-877A-4C6C-A3B9-4D99C3A5F487}.Release|iPhone.Build.0 = Release|iPhone
		{97BC3BC6-3C2A-41D3-BA71-05238BB2D07E}.Debug|Any CPU.ActiveCfg = Debug|Any CPU
		{97BC3BC6-3C2A-41D3-BA71-05238BB2D07E}.Debug|Any CPU.Build.0 = Debug|Any CPU
		{97BC3BC6-3C2A-41D3-BA71-05238BB2D07E}.Release|Any CPU.ActiveCfg = Release|Any CPU
		{97BC3BC6-3C2A-41D3-BA71-05238BB2D07E}.Release|Any CPU.Build.0 = Release|Any CPU
		{97BC3BC6-3C2A-41D3-BA71-05238BB2D07E}.Debug|iPhoneSimulator.ActiveCfg = Debug|Any CPU
		{97BC3BC6-3C2A-41D3-BA71-05238BB2D07E}.Debug|iPhoneSimulator.Build.0 = Debug|Any CPU
		{97BC3BC6-3C2A-41D3-BA71-05238BB2D07E}.Release|iPhoneSimulator.ActiveCfg = Release|Any CPU
		{97BC3BC6-3C2A-41D3-BA71-05238BB2D07E}.Release|iPhoneSimulator.Build.0 = Release|Any CPU
		{97BC3BC6-3C2A-41D3-BA71-05238BB2D07E}.Debug|iPhone.ActiveCfg = Debug|Any CPU
		{97BC3BC6-3C2A-41D3-BA71-05238BB2D07E}.Debug|iPhone.Build.0 = Debug|Any CPU
		{97BC3BC6-3C2A-41D3-BA71-05238BB2D07E}.Release|iPhone.ActiveCfg = Release|Any CPU
		{97BC3BC6-3C2A-41D3-BA71-05238BB2D07E}.Release|iPhone.Build.0 = Release|Any CPU
		{E588F05B-AF51-487F-B7FF-87286B82E2AF}.Debug|Any CPU.ActiveCfg = Debug|Any CPU
		{E588F05B-AF51-487F-B7FF-87286B82E2AF}.Debug|Any CPU.Build.0 = Debug|Any CPU
		{E588F05B-AF51-487F-B7FF-87286B82E2AF}.Release|Any CPU.ActiveCfg = Release|Any CPU
		{E588F05B-AF51-487F-B7FF-87286B82E2AF}.Release|Any CPU.Build.0 = Release|Any CPU
		{E588F05B-AF51-487F-B7FF-87286B82E2AF}.Debug|iPhoneSimulator.ActiveCfg = Debug|Any CPU
		{E588F05B-AF51-487F-B7FF-87286B82E2AF}.Debug|iPhoneSimulator.Build.0 = Debug|Any CPU
		{E588F05B-AF51-487F-B7FF-87286B82E2AF}.Release|iPhoneSimulator.ActiveCfg = Release|Any CPU
		{E588F05B-AF51-487F-B7FF-87286B82E2AF}.Release|iPhoneSimulator.Build.0 = Release|Any CPU
		{E588F05B-AF51-487F-B7FF-87286B82E2AF}.Debug|iPhone.ActiveCfg = Debug|Any CPU
		{E588F05B-AF51-487F-B7FF-87286B82E2AF}.Debug|iPhone.Build.0 = Debug|Any CPU
		{E588F05B-AF51-487F-B7FF-87286B82E2AF}.Release|iPhone.ActiveCfg = Release|Any CPU
		{E588F05B-AF51-487F-B7FF-87286B82E2AF}.Release|iPhone.Build.0 = Release|Any CPU
	EndGlobalSection
EndGlobal
